
Microsoft Visual Studio Solution File, Format Version 12.00
# Visual Studio Version 17
VisualStudioVersion = 17.0.31919.166
MinimumVisualStudioVersion = 10.0.40219.1
Project("{2150E333-8FDC-42A3-9474-1A3956D46DE8}") = "1 - Api", "1 - Api", "{F9F1F5B4-079E-4512-9971-0DEFEF5D5247}"
EndProject
Project("{2150E333-8FDC-42A3-9474-1A3956D46DE8}") = "3 - Domain", "3 - Domain", "{8D150597-9278-4827-877E-F33CB66CDBA7}"
EndProject
Project("{2150E333-8FDC-42A3-9474-1A3956D46DE8}") = "4 - Infra", "4 - Infra", "{B7EB4F81-474F-4599-910E-D96DC99AFBA4}"
EndProject
Project("{2150E333-8FDC-42A3-9474-1A3956D46DE8}") = "3.1 - Data", "3.1 - Data", "{FBFEFE6E-62A7-4472-A9E0-5F3BA9B0DCFF}"
EndProject
Project("{FAE04EC0-301F-11D3-BF4B-00C04F79EFBC}") = "Pokemon.Domain", "src\Pokemon.Domain\Pokemon.Domain.csproj", "{C03000DE-59B2-4E43-A3CC-6DBDD5DB4A7D}"
EndProject
Project("{FAE04EC0-301F-11D3-BF4B-00C04F79EFBC}") = "Pokemon.Api", "src\Pokemon.Api\Pokemon.Api.csproj", "{A86E2016-3593-4E1E-AC96-BF0B19ACF5AF}"
EndProject
Project("{2150E333-8FDC-42A3-9474-1A3956D46DE8}") = "3.2 - CrossCutting", "3.2 - CrossCutting", "{8A12AD8A-AEB6-4208-ACDC-4ED838618B9F}"
EndProject
Project("{2150E333-8FDC-42A3-9474-1A3956D46DE8}") = "2 - Services", "2 - Services", "{3C185F93-BE0E-4A40-91B2-6164FB3FEF00}"
EndProject
Project("{FAE04EC0-301F-11D3-BF4B-00C04F79EFBC}") = "Pokemon.Services", "src\Pokemon.Services\Pokemon.Services.csproj", "{D4BA3F34-7D14-4C56-AE24-909979DC3289}"
EndProject
Project("{FAE04EC0-301F-11D3-BF4B-00C04F79EFBC}") = "Pokemon.Services.Tests", "tests\Pokemon.Services.Tests\Pokemon.Services.Tests.csproj", "{F94DAB2F-FC6E-4A66-9F0E-8F9165DB3A3D}"
EndProject
Project("{FAE04EC0-301F-11D3-BF4B-00C04F79EFBC}") = "Pokemon.CrossCurring.IoC", "src\Pokemon.CrossCurring.IoC\Pokemon.CrossCurring.IoC.csproj", "{EA5E9770-73D8-4F2B-B879-DDC63AAF7662}"
EndProject
Project("{FAE04EC0-301F-11D3-BF4B-00C04F79EFBC}") = "Pokemon.Domain.Tests", "tests\Pokemon.Domain.Tests\Pokemon.Domain.Tests.csproj", "{7CF3CACE-6FA0-41BA-8F59-D47A85280A98}"
EndProject
Project("{FAE04EC0-301F-11D3-BF4B-00C04F79EFBC}") = "Pokemon.Data", "src\Pokemon.Data\Pokemon.Data.csproj", "{2590708B-F475-48A7-B6AB-3ECD55CC3328}"
EndProject
Global
	GlobalSection(SolutionConfigurationPlatforms) = preSolution
		Debug|Any CPU = Debug|Any CPU
		Release|Any CPU = Release|Any CPU
	EndGlobalSection
	GlobalSection(ProjectConfigurationPlatforms) = postSolution
		{C03000DE-59B2-4E43-A3CC-6DBDD5DB4A7D}.Debug|Any CPU.ActiveCfg = Debug|Any CPU
		{C03000DE-59B2-4E43-A3CC-6DBDD5DB4A7D}.Debug|Any CPU.Build.0 = Debug|Any CPU
		{C03000DE-59B2-4E43-A3CC-6DBDD5DB4A7D}.Release|Any CPU.ActiveCfg = Release|Any CPU
		{C03000DE-59B2-4E43-A3CC-6DBDD5DB4A7D}.Release|Any CPU.Build.0 = Release|Any CPU
		{A86E2016-3593-4E1E-AC96-BF0B19ACF5AF}.Debug|Any CPU.ActiveCfg = Debug|Any CPU
		{A86E2016-3593-4E1E-AC96-BF0B19ACF5AF}.Debug|Any CPU.Build.0 = Debug|Any CPU
		{A86E2016-3593-4E1E-AC96-BF0B19ACF5AF}.Release|Any CPU.ActiveCfg = Release|Any CPU
		{A86E2016-3593-4E1E-AC96-BF0B19ACF5AF}.Release|Any CPU.Build.0 = Release|Any CPU
		{D4BA3F34-7D14-4C56-AE24-909979DC3289}.Debug|Any CPU.ActiveCfg = Debug|Any CPU
		{D4BA3F34-7D14-4C56-AE24-909979DC3289}.Debug|Any CPU.Build.0 = Debug|Any CPU
		{D4BA3F34-7D14-4C56-AE24-909979DC3289}.Release|Any CPU.ActiveCfg = Release|Any CPU
		{D4BA3F34-7D14-4C56-AE24-909979DC3289}.Release|Any CPU.Build.0 = Release|Any CPU
		{F94DAB2F-FC6E-4A66-9F0E-8F9165DB3A3D}.Debug|Any CPU.ActiveCfg = Debug|Any CPU
		{F94DAB2F-FC6E-4A66-9F0E-8F9165DB3A3D}.Debug|Any CPU.Build.0 = Debug|Any CPU
		{F94DAB2F-FC6E-4A66-9F0E-8F9165DB3A3D}.Release|Any CPU.ActiveCfg = Release|Any CPU
		{F94DAB2F-FC6E-4A66-9F0E-8F9165DB3A3D}.Release|Any CPU.Build.0 = Release|Any CPU
		{EA5E9770-73D8-4F2B-B879-DDC63AAF7662}.Debug|Any CPU.ActiveCfg = Debug|Any CPU
		{EA5E9770-73D8-4F2B-B879-DDC63AAF7662}.Debug|Any CPU.Build.0 = Debug|Any CPU
		{EA5E9770-73D8-4F2B-B879-DDC63AAF7662}.Release|Any CPU.ActiveCfg = Release|Any CPU
		{EA5E9770-73D8-4F2B-B879-DDC63AAF7662}.Release|Any CPU.Build.0 = Release|Any CPU
		{7CF3CACE-6FA0-41BA-8F59-D47A85280A98}.Debug|Any CPU.ActiveCfg = Debug|Any CPU
		{7CF3CACE-6FA0-41BA-8F59-D47A85280A98}.Debug|Any CPU.Build.0 = Debug|Any CPU
		{7CF3CACE-6FA0-41BA-8F59-D47A85280A98}.Release|Any CPU.ActiveCfg = Release|Any CPU
		{7CF3CACE-6FA0-41BA-8F59-D47A85280A98}.Release|Any CPU.Build.0 = Release|Any CPU
		{2590708B-F475-48A7-B6AB-3ECD55CC3328}.Debug|Any CPU.ActiveCfg = Debug|Any CPU
		{2590708B-F475-48A7-B6AB-3ECD55CC3328}.Debug|Any CPU.Build.0 = Debug|Any CPU
		{2590708B-F475-48A7-B6AB-3ECD55CC3328}.Release|Any CPU.ActiveCfg = Release|Any CPU
		{2590708B-F475-48A7-B6AB-3ECD55CC3328}.Release|Any CPU.Build.0 = Release|Any CPU
	EndGlobalSection
	GlobalSection(SolutionProperties) = preSolution
		HideSolutionNode = FALSE
	EndGlobalSection
	GlobalSection(NestedProjects) = preSolution
		{FBFEFE6E-62A7-4472-A9E0-5F3BA9B0DCFF} = {B7EB4F81-474F-4599-910E-D96DC99AFBA4}
		{C03000DE-59B2-4E43-A3CC-6DBDD5DB4A7D} = {8D150597-9278-4827-877E-F33CB66CDBA7}
		{A86E2016-3593-4E1E-AC96-BF0B19ACF5AF} = {F9F1F5B4-079E-4512-9971-0DEFEF5D5247}
		{8A12AD8A-AEB6-4208-ACDC-4ED838618B9F} = {B7EB4F81-474F-4599-910E-D96DC99AFBA4}
		{D4BA3F34-7D14-4C56-AE24-909979DC3289} = {3C185F93-BE0E-4A40-91B2-6164FB3FEF00}
		{F94DAB2F-FC6E-4A66-9F0E-8F9165DB3A3D} = {3C185F93-BE0E-4A40-91B2-6164FB3FEF00}
		{EA5E9770-73D8-4F2B-B879-DDC63AAF7662} = {8A12AD8A-AEB6-4208-ACDC-4ED838618B9F}
		{7CF3CACE-6FA0-41BA-8F59-D47A85280A98} = {8D150597-9278-4827-877E-F33CB66CDBA7}
		{2590708B-F475-48A7-B6AB-3ECD55CC3328} = {FBFEFE6E-62A7-4472-A9E0-5F3BA9B0DCFF}
	EndGlobalSection
	GlobalSection(ExtensibilityGlobals) = postSolution
		SolutionGuid = {0E86408F-5598-4024-AD47-6FC01189576B}
	EndGlobalSection
EndGlobal
